
Microsoft Visual Studio Solution File, Format Version 12.00
# Visual Studio Version 17
VisualStudioVersion = 17.2.32602.215
MinimumVisualStudioVersion = 10.0.40219.1
Project("{FAE04EC0-301F-11D3-BF4B-00C04F79EFBC}") = "TicToe4xmore", "TicToe4xmore\TicToe4xmore.csproj", "{547206C3-B30F-461F-89CA-D74A9AD6929C}"
EndProject
Global
	GlobalSection(SolutionConfigurationPlatforms) = preSolution
		Debug|Any CPU = Debug|Any CPU
		Release|Any CPU = Release|Any CPU
	EndGlobalSection
	GlobalSection(ProjectConfigurationPlatforms) = postSolution
		{547206C3-B30F-461F-89CA-D74A9AD6929C}.Debug|Any CPU.ActiveCfg = Debug|Any CPU
		{547206C3-B30F-461F-89CA-D74A9AD6929C}.Debug|Any CPU.Build.0 = Debug|Any CPU
		{547206C3-B30F-461F-89CA-D74A9AD6929C}.Release|Any CPU.ActiveCfg = Release|Any CPU
		{547206C3-B30F-461F-89CA-D74A9AD6929C}.Release|Any CPU.Build.0 = Release|Any CPU
	EndGlobalSection
	GlobalSection(SolutionProperties) = preSolution
		HideSolutionNode = FALSE
	EndGlobalSection
	GlobalSection(ExtensibilityGlobals) = postSolution
		SolutionGuid = {FDC9816C-E19A-4F8B-83B0-068840486CBA}
	EndGlobalSection
EndGlobal
